
Microsoft Visual Studio Solution File, Format Version 12.00
# Visual Studio Version 17
VisualStudioVersion = 17.5.33530.505
MinimumVisualStudioVersion = 10.0.40219.1
Project("{FAE04EC0-301F-11D3-BF4B-00C04F79EFBC}") = "Lista11PR2", "Lista11PR2\Lista11PR2.csproj", "{87E9F1E5-45BA-4FF2-AC07-BD0902FDFF79}"
EndProject
Global
	GlobalSection(SolutionConfigurationPlatforms) = preSolution
		Debug|Any CPU = Debug|Any CPU
		Release|Any CPU = Release|Any CPU
	EndGlobalSection
	GlobalSection(ProjectConfigurationPlatforms) = postSolution
		{87E9F1E5-45BA-4FF2-AC07-BD0902FDFF79}.Debug|Any CPU.ActiveCfg = Debug|Any CPU
		{87E9F1E5-45BA-4FF2-AC07-BD0902FDFF79}.Debug|Any CPU.Build.0 = Debug|Any CPU
		{87E9F1E5-45BA-4FF2-AC07-BD0902FDFF79}.Release|Any CPU.ActiveCfg = Release|Any CPU
		{87E9F1E5-45BA-4FF2-AC07-BD0902FDFF79}.Release|Any CPU.Build.0 = Release|Any CPU
	EndGlobalSection
	GlobalSection(SolutionProperties) = preSolution
		HideSolutionNode = FALSE
	EndGlobalSection
	GlobalSection(ExtensibilityGlobals) = postSolution
		SolutionGuid = {61F3781E-B430-43E8-A2F0-3ADF81E02BC5}
	EndGlobalSection
EndGlobal
